
Microsoft Visual Studio Solution File, Format Version 12.00
# Visual Studio Version 16
VisualStudioVersion = 16.0.31105.61
MinimumVisualStudioVersion = 10.0.40219.1
Project("{FAE04EC0-301F-11D3-BF4B-00C04F79EFBC}") = "MySite", "MySite\MySite.csproj", "{B81D48B0-BA96-4FF1-A0C3-F97F6DC96FAE}"
EndProject
Global
	GlobalSection(SolutionConfigurationPlatforms) = preSolution
		Debug|Any CPU = Debug|Any CPU
		Release|Any CPU = Release|Any CPU
	EndGlobalSection
	GlobalSection(ProjectConfigurationPlatforms) = postSolution
		{B81D48B0-BA96-4FF1-A0C3-F97F6DC96FAE}.Debug|Any CPU.ActiveCfg = Debug|Any CPU
		{B81D48B0-BA96-4FF1-A0C3-F97F6DC96FAE}.Debug|Any CPU.Build.0 = Debug|Any CPU
		{B81D48B0-BA96-4FF1-A0C3-F97F6DC96FAE}.Release|Any CPU.ActiveCfg = Release|Any CPU
		{B81D48B0-BA96-4FF1-A0C3-F97F6DC96FAE}.Release|Any CPU.Build.0 = Release|Any CPU
	EndGlobalSection
	GlobalSection(SolutionProperties) = preSolution
		HideSolutionNode = FALSE
	EndGlobalSection
	GlobalSection(ExtensibilityGlobals) = postSolution
		SolutionGuid = {C6734E26-A3C5-40A6-9B14-46E3B118D540}
	EndGlobalSection
EndGlobal
